
Microsoft Visual Studio Solution File, Format Version 12.00
# Visual Studio Version 16
VisualStudioVersion = 16.0.28809.33
MinimumVisualStudioVersion = 10.0.40219.1
Project("{FAE04EC0-301F-11D3-BF4B-00C04F79EFBC}") = "Proyecto", "Proyecto.csproj", "{6F98C505-9B48-43CB-8CC0-A7888E9F6446}"
EndProject
Global
	GlobalSection(SolutionConfigurationPlatforms) = preSolution
		Debug|Any CPU = Debug|Any CPU
		Release|Any CPU = Release|Any CPU
	EndGlobalSection
	GlobalSection(ProjectConfigurationPlatforms) = postSolution
		{6F98C505-9B48-43CB-8CC0-A7888E9F6446}.Debug|Any CPU.ActiveCfg = Debug|Any CPU
		{6F98C505-9B48-43CB-8CC0-A7888E9F6446}.Debug|Any CPU.Build.0 = Debug|Any CPU
		{6F98C505-9B48-43CB-8CC0-A7888E9F6446}.Release|Any CPU.ActiveCfg = Release|Any CPU
		{6F98C505-9B48-43CB-8CC0-A7888E9F6446}.Release|Any CPU.Build.0 = Release|Any CPU
	EndGlobalSection
	GlobalSection(SolutionProperties) = preSolution
		HideSolutionNode = FALSE
	EndGlobalSection
	GlobalSection(ExtensibilityGlobals) = postSolution
		SolutionGuid = {B8605279-D2EE-41BF-99AA-EA53A96752E0}
	EndGlobalSection
EndGlobal
